// !$*UTF8*$!
{
	archiveVersion = 1;
	classes = {
	};
	objectVersion = 51;
	objects = {

/* Begin PBXBuildFile section */
		2A53CFB27FA1334E8A2AA645 /* Pods_test_awsTests.framework in Frameworks */ = {isa = PBXBuildFile; fileRef = 340CDA846A35CC7301AE83D1 /* Pods_test_awsTests.framework */; };
		50C28473021DA2F13C76AECF /* Pods_test_aws.framework in Frameworks */ = {isa = PBXBuildFile; fileRef = E739267D76CCA30C5FED8C67 /* Pods_test_aws.framework */; };
		E5FA0E1722EE51120051289A /* AppDelegate.swift in Sources */ = {isa = PBXBuildFile; fileRef = E5FA0E1622EE51120051289A /* AppDelegate.swift */; };
		E5FA0E1922EE51120051289A /* ViewController.swift in Sources */ = {isa = PBXBuildFile; fileRef = E5FA0E1822EE51120051289A /* ViewController.swift */; };
		E5FA0E1C22EE51120051289A /* Main.storyboard in Resources */ = {isa = PBXBuildFile; fileRef = E5FA0E1A22EE51120051289A /* Main.storyboard */; };
		E5FA0E1E22EE51140051289A /* Assets.xcassets in Resources */ = {isa = PBXBuildFile; fileRef = E5FA0E1D22EE51140051289A /* Assets.xcassets */; };
		E5FA0E2122EE51140051289A /* LaunchScreen.storyboard in Resources */ = {isa = PBXBuildFile; fileRef = E5FA0E1F22EE51140051289A /* LaunchScreen.storyboard */; };
		E5FA0E2C22EE51140051289A /* test_awsTests.swift in Sources */ = {isa = PBXBuildFile; fileRef = E5FA0E2B22EE51140051289A /* test_awsTests.swift */; };
		E5FA0E3722EE51140051289A /* test_awsUITests.swift in Sources */ = {isa = PBXBuildFile; fileRef = E5FA0E3622EE51140051289A /* test_awsUITests.swift */; };
		E5FA0E4522EE52490051289A /* awsconfiguration.json in Resources */ = {isa = PBXBuildFile; fileRef = E5FA0E4422EE52490051289A /* awsconfiguration.json */; };
		E5FA0E4722EE7E200051289A /* Types.graphql.swift in Sources */ = {isa = PBXBuildFile; fileRef = E5FA0E4622EE7E200051289A /* Types.graphql.swift */; };
		E5FA0E4C22EF3BFC0051289A /* Auth.storyboard in Resources */ = {isa = PBXBuildFile; fileRef = E5FA0E4B22EF3BFC0051289A /* Auth.storyboard */; };
		E5FA0E5022EF40760051289A /* LogInViewController.swift in Sources */ = {isa = PBXBuildFile; fileRef = E5FA0E4F22EF40760051289A /* LogInViewController.swift */; };
		E5FA0E5222EF41770051289A /* SignUpViewController.swift in Sources */ = {isa = PBXBuildFile; fileRef = E5FA0E5122EF41770051289A /* SignUpViewController.swift */; };
		E6397A4786A9D6D9F4953851 /* Pods_test_awsUITests.framework in Frameworks */ = {isa = PBXBuildFile; fileRef = 6877B54AB6623AF4183B763A /* Pods_test_awsUITests.framework */; };
/* End PBXBuildFile section */

/* Begin PBXContainerItemProxy section */
		E5FA0E2822EE51140051289A /* PBXContainerItemProxy */ = {
			isa = PBXContainerItemProxy;
			containerPortal = E5FA0E0B22EE51120051289A /* Project object */;
			proxyType = 1;
			remoteGlobalIDString = E5FA0E1222EE51120051289A;
			remoteInfo = "test-aws";
		};
		E5FA0E3322EE51140051289A /* PBXContainerItemProxy */ = {
			isa = PBXContainerItemProxy;
			containerPortal = E5FA0E0B22EE51120051289A /* Project object */;
			proxyType = 1;
			remoteGlobalIDString = E5FA0E1222EE51120051289A;
			remoteInfo = "test-aws";
		};
/* End PBXContainerItemProxy section */

/* Begin PBXFileReference section */
		219028DB01C93A874EA8AAAE /* Pods-test-aws.release.xcconfig */ = {isa = PBXFileReference; includeInIndex = 1; lastKnownFileType = text.xcconfig; name = "Pods-test-aws.release.xcconfig"; path = "Target Support Files/Pods-test-aws/Pods-test-aws.release.xcconfig"; sourceTree = "<group>"; };
		340CDA846A35CC7301AE83D1 /* Pods_test_awsTests.framework */ = {isa = PBXFileReference; explicitFileType = wrapper.framework; includeInIndex = 0; path = Pods_test_awsTests.framework; sourceTree = BUILT_PRODUCTS_DIR; };
		4ACEFF7FB8226D816BF2E56D /* Pods-test-awsUITests.release.xcconfig */ = {isa = PBXFileReference; includeInIndex = 1; lastKnownFileType = text.xcconfig; name = "Pods-test-awsUITests.release.xcconfig"; path = "Target Support Files/Pods-test-awsUITests/Pods-test-awsUITests.release.xcconfig"; sourceTree = "<group>"; };
		61D31EE1DC936A8FDC72245F /* Pods-test-awsTests.debug.xcconfig */ = {isa = PBXFileReference; includeInIndex = 1; lastKnownFileType = text.xcconfig; name = "Pods-test-awsTests.debug.xcconfig"; path = "Target Support Files/Pods-test-awsTests/Pods-test-awsTests.debug.xcconfig"; sourceTree = "<group>"; };
		6877B54AB6623AF4183B763A /* Pods_test_awsUITests.framework */ = {isa = PBXFileReference; explicitFileType = wrapper.framework; includeInIndex = 0; path = Pods_test_awsUITests.framework; sourceTree = BUILT_PRODUCTS_DIR; };
		9BC293958F1E9C7236B77937 /* Pods-test-awsUITests.debug.xcconfig */ = {isa = PBXFileReference; includeInIndex = 1; lastKnownFileType = text.xcconfig; name = "Pods-test-awsUITests.debug.xcconfig"; path = "Target Support Files/Pods-test-awsUITests/Pods-test-awsUITests.debug.xcconfig"; sourceTree = "<group>"; };
		C86A96149E5DD2AA60DDF0A7 /* Pods-test-aws.debug.xcconfig */ = {isa = PBXFileReference; includeInIndex = 1; lastKnownFileType = text.xcconfig; name = "Pods-test-aws.debug.xcconfig"; path = "Target Support Files/Pods-test-aws/Pods-test-aws.debug.xcconfig"; sourceTree = "<group>"; };
		DC23EFA814336A15E21FA32B /* Pods-test-awsTests.release.xcconfig */ = {isa = PBXFileReference; includeInIndex = 1; lastKnownFileType = text.xcconfig; name = "Pods-test-awsTests.release.xcconfig"; path = "Target Support Files/Pods-test-awsTests/Pods-test-awsTests.release.xcconfig"; sourceTree = "<group>"; };
		E5FA0E1322EE51120051289A /* test-aws.app */ = {isa = PBXFileReference; explicitFileType = wrapper.application; includeInIndex = 0; path = "test-aws.app"; sourceTree = BUILT_PRODUCTS_DIR; };
		E5FA0E1622EE51120051289A /* AppDelegate.swift */ = {isa = PBXFileReference; lastKnownFileType = sourcecode.swift; path = AppDelegate.swift; sourceTree = "<group>"; };
		E5FA0E1822EE51120051289A /* ViewController.swift */ = {isa = PBXFileReference; lastKnownFileType = sourcecode.swift; path = ViewController.swift; sourceTree = "<group>"; };
		E5FA0E1B22EE51120051289A /* Base */ = {isa = PBXFileReference; lastKnownFileType = file.storyboard; name = Base; path = Base.lproj/Main.storyboard; sourceTree = "<group>"; };
		E5FA0E1D22EE51140051289A /* Assets.xcassets */ = {isa = PBXFileReference; lastKnownFileType = folder.assetcatalog; path = Assets.xcassets; sourceTree = "<group>"; };
		E5FA0E2022EE51140051289A /* Base */ = {isa = PBXFileReference; lastKnownFileType = file.storyboard; name = Base; path = Base.lproj/LaunchScreen.storyboard; sourceTree = "<group>"; };
		E5FA0E2222EE51140051289A /* Info.plist */ = {isa = PBXFileReference; lastKnownFileType = text.plist.xml; path = Info.plist; sourceTree = "<group>"; };
		E5FA0E2722EE51140051289A /* test-awsTests.xctest */ = {isa = PBXFileReference; explicitFileType = wrapper.cfbundle; includeInIndex = 0; path = "test-awsTests.xctest"; sourceTree = BUILT_PRODUCTS_DIR; };
		E5FA0E2B22EE51140051289A /* test_awsTests.swift */ = {isa = PBXFileReference; lastKnownFileType = sourcecode.swift; path = test_awsTests.swift; sourceTree = "<group>"; };
		E5FA0E2D22EE51140051289A /* Info.plist */ = {isa = PBXFileReference; lastKnownFileType = text.plist.xml; path = Info.plist; sourceTree = "<group>"; };
		E5FA0E3222EE51140051289A /* test-awsUITests.xctest */ = {isa = PBXFileReference; explicitFileType = wrapper.cfbundle; includeInIndex = 0; path = "test-awsUITests.xctest"; sourceTree = BUILT_PRODUCTS_DIR; };
		E5FA0E3622EE51140051289A /* test_awsUITests.swift */ = {isa = PBXFileReference; lastKnownFileType = sourcecode.swift; path = test_awsUITests.swift; sourceTree = "<group>"; };
		E5FA0E3822EE51140051289A /* Info.plist */ = {isa = PBXFileReference; lastKnownFileType = text.plist.xml; path = Info.plist; sourceTree = "<group>"; };
		E5FA0E4422EE52490051289A /* awsconfiguration.json */ = {isa = PBXFileReference; fileEncoding = 4; lastKnownFileType = text.json; path = awsconfiguration.json; sourceTree = "<group>"; };
		E5FA0E4622EE7E200051289A /* Types.graphql.swift */ = {isa = PBXFileReference; fileEncoding = 4; lastKnownFileType = sourcecode.swift; name = Types.graphql.swift; path = graphql/Types.graphql.swift; sourceTree = "<group>"; };
		E5FA0E4B22EF3BFC0051289A /* Auth.storyboard */ = {isa = PBXFileReference; lastKnownFileType = file.storyboard; path = Auth.storyboard; sourceTree = "<group>"; };
		E5FA0E4F22EF40760051289A /* LogInViewController.swift */ = {isa = PBXFileReference; lastKnownFileType = sourcecode.swift; path = LogInViewController.swift; sourceTree = "<group>"; };
		E5FA0E5122EF41770051289A /* SignUpViewController.swift */ = {isa = PBXFileReference; lastKnownFileType = sourcecode.swift; path = SignUpViewController.swift; sourceTree = "<group>"; };
		E739267D76CCA30C5FED8C67 /* Pods_test_aws.framework */ = {isa = PBXFileReference; explicitFileType = wrapper.framework; includeInIndex = 0; path = Pods_test_aws.framework; sourceTree = BUILT_PRODUCTS_DIR; };
/* End PBXFileReference section */

/* Begin PBXFrameworksBuildPhase section */
		E5FA0E1022EE51120051289A /* Frameworks */ = {
			isa = PBXFrameworksBuildPhase;
			buildActionMask = 2147483647;
			files = (
				50C28473021DA2F13C76AECF /* Pods_test_aws.framework in Frameworks */,
			);
			runOnlyForDeploymentPostprocessing = 0;
		};
		E5FA0E2422EE51140051289A /* Frameworks */ = {
			isa = PBXFrameworksBuildPhase;
			buildActionMask = 2147483647;
			files = (
				2A53CFB27FA1334E8A2AA645 /* Pods_test_awsTests.framework in Frameworks */,
			);
			runOnlyForDeploymentPostprocessing = 0;
		};
		E5FA0E2F22EE51140051289A /* Frameworks */ = {
			isa = PBXFrameworksBuildPhase;
			buildActionMask = 2147483647;
			files = (
				E6397A4786A9D6D9F4953851 /* Pods_test_awsUITests.framework in Frameworks */,
			);
			runOnlyForDeploymentPostprocessing = 0;
		};
/* End PBXFrameworksBuildPhase section */

/* Begin PBXGroup section */
		2A0F9B8A80124DDE648E1A6D /* Pods */ = {
			isa = PBXGroup;
			children = (
				C86A96149E5DD2AA60DDF0A7 /* Pods-test-aws.debug.xcconfig */,
				219028DB01C93A874EA8AAAE /* Pods-test-aws.release.xcconfig */,
				61D31EE1DC936A8FDC72245F /* Pods-test-awsTests.debug.xcconfig */,
				DC23EFA814336A15E21FA32B /* Pods-test-awsTests.release.xcconfig */,
				9BC293958F1E9C7236B77937 /* Pods-test-awsUITests.debug.xcconfig */,
				4ACEFF7FB8226D816BF2E56D /* Pods-test-awsUITests.release.xcconfig */,
			);
			path = Pods;
			sourceTree = "<group>";
		};
		8A258BB83532ACC1D6A5DB0C /* Frameworks */ = {
			isa = PBXGroup;
			children = (
				E739267D76CCA30C5FED8C67 /* Pods_test_aws.framework */,
				340CDA846A35CC7301AE83D1 /* Pods_test_awsTests.framework */,
				6877B54AB6623AF4183B763A /* Pods_test_awsUITests.framework */,
			);
			name = Frameworks;
			sourceTree = "<group>";
		};
		E5FA0E0A22EE51120051289A = {
			isa = PBXGroup;
			children = (
				E5FA0E1522EE51120051289A /* test-aws */,
				E5FA0E2A22EE51140051289A /* test-awsTests */,
				E5FA0E3522EE51140051289A /* test-awsUITests */,
				E5FA0E1422EE51120051289A /* Products */,
				2A0F9B8A80124DDE648E1A6D /* Pods */,
				8A258BB83532ACC1D6A5DB0C /* Frameworks */,
			);
			sourceTree = "<group>";
		};
		E5FA0E1422EE51120051289A /* Products */ = {
			isa = PBXGroup;
			children = (
				E5FA0E1322EE51120051289A /* test-aws.app */,
				E5FA0E2722EE51140051289A /* test-awsTests.xctest */,
				E5FA0E3222EE51140051289A /* test-awsUITests.xctest */,
			);
			name = Products;
			sourceTree = "<group>";
		};
		E5FA0E1522EE51120051289A /* test-aws */ = {
			isa = PBXGroup;
			children = (
				E5FA0E4622EE7E200051289A /* Types.graphql.swift */,
				E5FA0E4422EE52490051289A /* awsconfiguration.json */,
				E5FA0E1622EE51120051289A /* AppDelegate.swift */,
				E5FA0E1822EE51120051289A /* ViewController.swift */,
				E5FA0E4D22EF3C0D0051289A /* Storyboards */,
				E5FA0E1D22EE51140051289A /* Assets.xcassets */,
				E5FA0E1F22EE51140051289A /* LaunchScreen.storyboard */,
				E5FA0E2222EE51140051289A /* Info.plist */,
			);
			path = "test-aws";
			sourceTree = "<group>";
		};
		E5FA0E2A22EE51140051289A /* test-awsTests */ = {
			isa = PBXGroup;
			children = (
				E5FA0E2B22EE51140051289A /* test_awsTests.swift */,
				E5FA0E2D22EE51140051289A /* Info.plist */,
			);
			path = "test-awsTests";
			sourceTree = "<group>";
		};
		E5FA0E3522EE51140051289A /* test-awsUITests */ = {
			isa = PBXGroup;
			children = (
				E5FA0E3622EE51140051289A /* test_awsUITests.swift */,
				E5FA0E3822EE51140051289A /* Info.plist */,
			);
			path = "test-awsUITests";
			sourceTree = "<group>";
		};
		E5FA0E4D22EF3C0D0051289A /* Storyboards */ = {
			isa = PBXGroup;
			children = (
				E5FA0E1A22EE51120051289A /* Main.storyboard */,
				E5FA0E4B22EF3BFC0051289A /* Auth.storyboard */,
				E5FA0E4E22EF40590051289A /* Auth */,
			);
			path = Storyboards;
			sourceTree = "<group>";
		};
		E5FA0E4E22EF40590051289A /* Auth */ = {
			isa = PBXGroup;
			children = (
				E5FA0E4F22EF40760051289A /* LogInViewController.swift */,
				E5FA0E5122EF41770051289A /* SignUpViewController.swift */,
			);
			path = Auth;
			sourceTree = "<group>";
		};
/* End PBXGroup section */

/* Begin PBXNativeTarget section */
		E5FA0E1222EE51120051289A /* test-aws */ = {
			isa = PBXNativeTarget;
			buildConfigurationList = E5FA0E3B22EE51140051289A /* Build configuration list for PBXNativeTarget "test-aws" */;
			buildPhases = (
				EF91F216CDC1091CC976E980 /* [CP] Check Pods Manifest.lock */,
				E5FA0E0F22EE51120051289A /* Sources */,
				E5FA0E1022EE51120051289A /* Frameworks */,
				E5FA0E1122EE51120051289A /* Resources */,
				8F4061BE3F5328268A5F8F58 /* [CP] Embed Pods Frameworks */,
			);
			buildRules = (
			);
			dependencies = (
			);
			name = "test-aws";
			productName = "test-aws";
			productReference = E5FA0E1322EE51120051289A /* test-aws.app */;
			productType = "com.apple.product-type.application";
		};
		E5FA0E2622EE51140051289A /* test-awsTests */ = {
			isa = PBXNativeTarget;
			buildConfigurationList = E5FA0E3E22EE51140051289A /* Build configuration list for PBXNativeTarget "test-awsTests" */;
			buildPhases = (
				101A52829B91FFE4E0E1D93E /* [CP] Check Pods Manifest.lock */,
				E5FA0E2322EE51140051289A /* Sources */,
				E5FA0E2422EE51140051289A /* Frameworks */,
				E5FA0E2522EE51140051289A /* Resources */,
			);
			buildRules = (
			);
			dependencies = (
				E5FA0E2922EE51140051289A /* PBXTargetDependency */,
			);
			name = "test-awsTests";
			productName = "test-awsTests";
			productReference = E5FA0E2722EE51140051289A /* test-awsTests.xctest */;
			productType = "com.apple.product-type.bundle.unit-test";
		};
		E5FA0E3122EE51140051289A /* test-awsUITests */ = {
			isa = PBXNativeTarget;
			buildConfigurationList = E5FA0E4122EE51140051289A /* Build configuration list for PBXNativeTarget "test-awsUITests" */;
			buildPhases = (
				9625A3FF3E1E0929D79A5FD7 /* [CP] Check Pods Manifest.lock */,
				E5FA0E2E22EE51140051289A /* Sources */,
				E5FA0E2F22EE51140051289A /* Frameworks */,
				E5FA0E3022EE51140051289A /* Resources */,
			);
			buildRules = (
			);
			dependencies = (
				E5FA0E3422EE51140051289A /* PBXTargetDependency */,
			);
			name = "test-awsUITests";
			productName = "test-awsUITests";
			productReference = E5FA0E3222EE51140051289A /* test-awsUITests.xctest */;
			productType = "com.apple.product-type.bundle.ui-testing";
		};
/* End PBXNativeTarget section */

/* Begin PBXProject section */
		E5FA0E0B22EE51120051289A /* Project object */ = {
			isa = PBXProject;
			attributes = {
				LastSwiftUpdateCheck = 1030;
				LastUpgradeCheck = 1030;
				ORGANIZATIONNAME = superDeano;
				TargetAttributes = {
					E5FA0E1222EE51120051289A = {
						CreatedOnToolsVersion = 10.3;
					};
					E5FA0E2622EE51140051289A = {
						CreatedOnToolsVersion = 10.3;
						TestTargetID = E5FA0E1222EE51120051289A;
					};
					E5FA0E3122EE51140051289A = {
						CreatedOnToolsVersion = 10.3;
						TestTargetID = E5FA0E1222EE51120051289A;
					};
				};
			};
			buildConfigurationList = E5FA0E0E22EE51120051289A /* Build configuration list for PBXProject "test-aws" */;
			compatibilityVersion = "Xcode 9.3";
			developmentRegion = en;
			hasScannedForEncodings = 0;
			knownRegions = (
				en,
				Base,
			);
			mainGroup = E5FA0E0A22EE51120051289A;
			productRefGroup = E5FA0E1422EE51120051289A /* Products */;
			projectDirPath = "";
			projectRoot = "";
			targets = (
				E5FA0E1222EE51120051289A /* test-aws */,
				E5FA0E2622EE51140051289A /* test-awsTests */,
				E5FA0E3122EE51140051289A /* test-awsUITests */,
			);
		};
/* End PBXProject section */

/* Begin PBXResourcesBuildPhase section */
		E5FA0E1122EE51120051289A /* Resources */ = {
			isa = PBXResourcesBuildPhase;
			buildActionMask = 2147483647;
			files = (
				E5FA0E2122EE51140051289A /* LaunchScreen.storyboard in Resources */,
				E5FA0E4522EE52490051289A /* awsconfiguration.json in Resources */,
				E5FA0E4C22EF3BFC0051289A /* Auth.storyboard in Resources */,
				E5FA0E1E22EE51140051289A /* Assets.xcassets in Resources */,
				E5FA0E1C22EE51120051289A /* Main.storyboard in Resources */,
			);
			runOnlyForDeploymentPostprocessing = 0;
		};
		E5FA0E2522EE51140051289A /* Resources */ = {
			isa = PBXResourcesBuildPhase;
			buildActionMask = 2147483647;
			files = (
			);
			runOnlyForDeploymentPostprocessing = 0;
		};
		E5FA0E3022EE51140051289A /* Resources */ = {
			isa = PBXResourcesBuildPhase;
			buildActionMask = 2147483647;
			files = (
			);
			runOnlyForDeploymentPostprocessing = 0;
		};
/* End PBXResourcesBuildPhase section */

/* Begin PBXShellScriptBuildPhase section */
		101A52829B91FFE4E0E1D93E /* [CP] Check Pods Manifest.lock */ = {
			isa = PBXShellScriptBuildPhase;
			buildActionMask = 2147483647;
			files = (
			);
			inputFileListPaths = (
			);
			inputPaths = (
				"${PODS_PODFILE_DIR_PATH}/Podfile.lock",
				"${PODS_ROOT}/Manifest.lock",
			);
			name = "[CP] Check Pods Manifest.lock";
			outputFileListPaths = (
			);
			outputPaths = (
				"$(DERIVED_FILE_DIR)/Pods-test-awsTests-checkManifestLockResult.txt",
			);
			runOnlyForDeploymentPostprocessing = 0;
			shellPath = /bin/sh;
			shellScript = "diff \"${PODS_PODFILE_DIR_PATH}/Podfile.lock\" \"${PODS_ROOT}/Manifest.lock\" > /dev/null\nif [ $? != 0 ] ; then\n    # print error to STDERR\n    echo \"error: The sandbox is not in sync with the Podfile.lock. Run 'pod install' or update your CocoaPods installation.\" >&2\n    exit 1\nfi\n# This output is used by Xcode 'outputs' to avoid re-running this script phase.\necho \"SUCCESS\" > \"${SCRIPT_OUTPUT_FILE_0}\"\n";
			showEnvVarsInLog = 0;
		};
		8F4061BE3F5328268A5F8F58 /* [CP] Embed Pods Frameworks */ = {
			isa = PBXShellScriptBuildPhase;
			buildActionMask = 2147483647;
			files = (
			);
			inputFileListPaths = (
				"${PODS_ROOT}/Target Support Files/Pods-test-aws/Pods-test-aws-frameworks-${CONFIGURATION}-input-files.xcfilelist",
			);
			name = "[CP] Embed Pods Frameworks";
			outputFileListPaths = (
				"${PODS_ROOT}/Target Support Files/Pods-test-aws/Pods-test-aws-frameworks-${CONFIGURATION}-output-files.xcfilelist",
			);
			runOnlyForDeploymentPostprocessing = 0;
			shellPath = /bin/sh;
			shellScript = "\"${PODS_ROOT}/Target Support Files/Pods-test-aws/Pods-test-aws-frameworks.sh\"\n";
			showEnvVarsInLog = 0;
		};
		9625A3FF3E1E0929D79A5FD7 /* [CP] Check Pods Manifest.lock */ = {
			isa = PBXShellScriptBuildPhase;
			buildActionMask = 2147483647;
			files = (
			);
			inputFileListPaths = (
			);
			inputPaths = (
				"${PODS_PODFILE_DIR_PATH}/Podfile.lock",
				"${PODS_ROOT}/Manifest.lock",
			);
			name = "[CP] Check Pods Manifest.lock";
			outputFileListPaths = (
			);
			outputPaths = (
				"$(DERIVED_FILE_DIR)/Pods-test-awsUITests-checkManifestLockResult.txt",
			);
			runOnlyForDeploymentPostprocessing = 0;
			shellPath = /bin/sh;
			shellScript = "diff \"${PODS_PODFILE_DIR_PATH}/Podfile.lock\" \"${PODS_ROOT}/Manifest.lock\" > /dev/null\nif [ $? != 0 ] ; then\n    # print error to STDERR\n    echo \"error: The sandbox is not in sync with the Podfile.lock. Run 'pod install' or update your CocoaPods installation.\" >&2\n    exit 1\nfi\n# This output is used by Xcode 'outputs' to avoid re-running this script phase.\necho \"SUCCESS\" > \"${SCRIPT_OUTPUT_FILE_0}\"\n";
			showEnvVarsInLog = 0;
		};
		EF91F216CDC1091CC976E980 /* [CP] Check Pods Manifest.lock */ = {
			isa = PBXShellScriptBuildPhase;
			buildActionMask = 2147483647;
			files = (
			);
			inputFileListPaths = (
			);
			inputPaths = (
				"${PODS_PODFILE_DIR_PATH}/Podfile.lock",
				"${PODS_ROOT}/Manifest.lock",
			);
			name = "[CP] Check Pods Manifest.lock";
			outputFileListPaths = (
			);
			outputPaths = (
				"$(DERIVED_FILE_DIR)/Pods-test-aws-checkManifestLockResult.txt",
			);
			runOnlyForDeploymentPostprocessing = 0;
			shellPath = /bin/sh;
			shellScript = "diff \"${PODS_PODFILE_DIR_PATH}/Podfile.lock\" \"${PODS_ROOT}/Manifest.lock\" > /dev/null\nif [ $? != 0 ] ; then\n    # print error to STDERR\n    echo \"error: The sandbox is not in sync with the Podfile.lock. Run 'pod install' or update your CocoaPods installation.\" >&2\n    exit 1\nfi\n# This output is used by Xcode 'outputs' to avoid re-running this script phase.\necho \"SUCCESS\" > \"${SCRIPT_OUTPUT_FILE_0}\"\n";
			showEnvVarsInLog = 0;
		};
/* End PBXShellScriptBuildPhase section */

/* Begin PBXSourcesBuildPhase section */
		E5FA0E0F22EE51120051289A /* Sources */ = {
			isa = PBXSourcesBuildPhase;
			buildActionMask = 2147483647;
			files = (
				E5FA0E5022EF40760051289A /* LogInViewController.swift in Sources */,
				E5FA0E1922EE51120051289A /* ViewController.swift in Sources */,
				E5FA0E4722EE7E200051289A /* Types.graphql.swift in Sources */,
				E5FA0E1722EE51120051289A /* AppDelegate.swift in Sources */,
				E5FA0E5222EF41770051289A /* SignUpViewController.swift in Sources */,
			);
			runOnlyForDeploymentPostprocessing = 0;
		};
		E5FA0E2322EE51140051289A /* Sources */ = {
			isa = PBXSourcesBuildPhase;
			buildActionMask = 2147483647;
			files = (
				E5FA0E2C22EE51140051289A /* test_awsTests.swift in Sources */,
			);
			runOnlyForDeploymentPostprocessing = 0;
		};
		E5FA0E2E22EE51140051289A /* Sources */ = {
			isa = PBXSourcesBuildPhase;
			buildActionMask = 2147483647;
			files = (
				E5FA0E3722EE51140051289A /* test_awsUITests.swift in Sources */,
			);
			runOnlyForDeploymentPostprocessing = 0;
		};
/* End PBXSourcesBuildPhase section */

/* Begin PBXTargetDependency section */
		E5FA0E2922EE51140051289A /* PBXTargetDependency */ = {
			isa = PBXTargetDependency;
			target = E5FA0E1222EE51120051289A /* test-aws */;
			targetProxy = E5FA0E2822EE51140051289A /* PBXContainerItemProxy */;
		};
		E5FA0E3422EE51140051289A /* PBXTargetDependency */ = {
			isa = PBXTargetDependency;
			target = E5FA0E1222EE51120051289A /* test-aws */;
			targetProxy = E5FA0E3322EE51140051289A /* PBXContainerItemProxy */;
		};
/* End PBXTargetDependency section */

/* Begin PBXVariantGroup section */
		E5FA0E1A22EE51120051289A /* Main.storyboard */ = {
			isa = PBXVariantGroup;
			children = (
				E5FA0E1B22EE51120051289A /* Base */,
			);
			name = Main.storyboard;
			sourceTree = "<group>";
		};
		E5FA0E1F22EE51140051289A /* LaunchScreen.storyboard */ = {
			isa = PBXVariantGroup;
			children = (
				E5FA0E2022EE51140051289A /* Base */,
			);
			name = LaunchScreen.storyboard;
			sourceTree = "<group>";
		};
/* End PBXVariantGroup section */

/* Begin XCBuildConfiguration section */
		E5FA0E3922EE51140051289A /* Debug */ = {
			isa = XCBuildConfiguration;
			buildSettings = {
				ALWAYS_SEARCH_USER_PATHS = NO;
				CLANG_ANALYZER_NONNULL = YES;
				CLANG_ANALYZER_NUMBER_OBJECT_CONVERSION = YES_AGGRESSIVE;
				CLANG_CXX_LANGUAGE_STANDARD = "gnu++14";
				CLANG_CXX_LIBRARY = "libc++";
				CLANG_ENABLE_MODULES = YES;
				CLANG_ENABLE_OBJC_ARC = YES;
				CLANG_ENABLE_OBJC_WEAK = YES;
				CLANG_WARN_BLOCK_CAPTURE_AUTORELEASING = YES;
				CLANG_WARN_BOOL_CONVERSION = YES;
				CLANG_WARN_COMMA = YES;
				CLANG_WARN_CONSTANT_CONVERSION = YES;
				CLANG_WARN_DEPRECATED_OBJC_IMPLEMENTATIONS = YES;
				CLANG_WARN_DIRECT_OBJC_ISA_USAGE = YES_ERROR;
				CLANG_WARN_DOCUMENTATION_COMMENTS = YES;
				CLANG_WARN_EMPTY_BODY = YES;
				CLANG_WARN_ENUM_CONVERSION = YES;
				CLANG_WARN_INFINITE_RECURSION = YES;
				CLANG_WARN_INT_CONVERSION = YES;
				CLANG_WARN_NON_LITERAL_NULL_CONVERSION = YES;
				CLANG_WARN_OBJC_IMPLICIT_RETAIN_SELF = YES;
				CLANG_WARN_OBJC_LITERAL_CONVERSION = YES;
				CLANG_WARN_OBJC_ROOT_CLASS = YES_ERROR;
				CLANG_WARN_RANGE_LOOP_ANALYSIS = YES;
				CLANG_WARN_STRICT_PROTOTYPES = YES;
				CLANG_WARN_SUSPICIOUS_MOVE = YES;
				CLANG_WARN_UNGUARDED_AVAILABILITY = YES_AGGRESSIVE;
				CLANG_WARN_UNREACHABLE_CODE = YES;
				CLANG_WARN__DUPLICATE_METHOD_MATCH = YES;
				CODE_SIGN_IDENTITY = "iPhone Developer";
				COPY_PHASE_STRIP = NO;
				DEBUG_INFORMATION_FORMAT = dwarf;
				ENABLE_STRICT_OBJC_MSGSEND = YES;
				ENABLE_TESTABILITY = YES;
				GCC_C_LANGUAGE_STANDARD = gnu11;
				GCC_DYNAMIC_NO_PIC = NO;
				GCC_NO_COMMON_BLOCKS = YES;
				GCC_OPTIMIZATION_LEVEL = 0;
				GCC_PREPROCESSOR_DEFINITIONS = (
					"DEBUG=1",
					"$(inherited)",
				);
				GCC_WARN_64_TO_32_BIT_CONVERSION = YES;
				GCC_WARN_ABOUT_RETURN_TYPE = YES_ERROR;
				GCC_WARN_UNDECLARED_SELECTOR = YES;
				GCC_WARN_UNINITIALIZED_AUTOS = YES_AGGRESSIVE;
				GCC_WARN_UNUSED_FUNCTION = YES;
				GCC_WARN_UNUSED_VARIABLE = YES;
				IPHONEOS_DEPLOYMENT_TARGET = 12.4;
				MTL_ENABLE_DEBUG_INFO = INCLUDE_SOURCE;
				MTL_FAST_MATH = YES;
				ONLY_ACTIVE_ARCH = YES;
				SDKROOT = iphoneos;
				SWIFT_ACTIVE_COMPILATION_CONDITIONS = DEBUG;
				SWIFT_OPTIMIZATION_LEVEL = "-Onone";
			};
			name = Debug;
		};
		E5FA0E3A22EE51140051289A /* Release */ = {
			isa = XCBuildConfiguration;
			buildSettings = {
				ALWAYS_SEARCH_USER_PATHS = NO;
				CLANG_ANALYZER_NONNULL = YES;
				CLANG_ANALYZER_NUMBER_OBJECT_CONVERSION = YES_AGGRESSIVE;
				CLANG_CXX_LANGUAGE_STANDARD = "gnu++14";
				CLANG_CXX_LIBRARY = "libc++";
				CLANG_ENABLE_MODULES = YES;
				CLANG_ENABLE_OBJC_ARC = YES;
				CLANG_ENABLE_OBJC_WEAK = YES;
				CLANG_WARN_BLOCK_CAPTURE_AUTORELEASING = YES;
				CLANG_WARN_BOOL_CONVERSION = YES;
				CLANG_WARN_COMMA = YES;
				CLANG_WARN_CONSTANT_CONVERSION = YES;
				CLANG_WARN_DEPRECATED_OBJC_IMPLEMENTATIONS = YES;
				CLANG_WARN_DIRECT_OBJC_ISA_USAGE = YES_ERROR;
				CLANG_WARN_DOCUMENTATION_COMMENTS = YES;
				CLANG_WARN_EMPTY_BODY = YES;
				CLANG_WARN_ENUM_CONVERSION = YES;
				CLANG_WARN_INFINITE_RECURSION = YES;
				CLANG_WARN_INT_CONVERSION = YES;
				CLANG_WARN_NON_LITERAL_NULL_CONVERSION = YES;
				CLANG_WARN_OBJC_IMPLICIT_RETAIN_SELF = YES;
				CLANG_WARN_OBJC_LITERAL_CONVERSION = YES;
				CLANG_WARN_OBJC_ROOT_CLASS = YES_ERROR;
				CLANG_WARN_RANGE_LOOP_ANALYSIS = YES;
				CLANG_WARN_STRICT_PROTOTYPES = YES;
				CLANG_WARN_SUSPICIOUS_MOVE = YES;
				CLANG_WARN_UNGUARDED_AVAILABILITY = YES_AGGRESSIVE;
				CLANG_WARN_UNREACHABLE_CODE = YES;
				CLANG_WARN__DUPLICATE_METHOD_MATCH = YES;
				CODE_SIGN_IDENTITY = "iPhone Developer";
				COPY_PHASE_STRIP = NO;
				DEBUG_INFORMATION_FORMAT = "dwarf-with-dsym";
				ENABLE_NS_ASSERTIONS = NO;
				ENABLE_STRICT_OBJC_MSGSEND = YES;
				GCC_C_LANGUAGE_STANDARD = gnu11;
				GCC_NO_COMMON_BLOCKS = YES;
				GCC_WARN_64_TO_32_BIT_CONVERSION = YES;
				GCC_WARN_ABOUT_RETURN_TYPE = YES_ERROR;
				GCC_WARN_UNDECLARED_SELECTOR = YES;
				GCC_WARN_UNINITIALIZED_AUTOS = YES_AGGRESSIVE;
				GCC_WARN_UNUSED_FUNCTION = YES;
				GCC_WARN_UNUSED_VARIABLE = YES;
				IPHONEOS_DEPLOYMENT_TARGET = 12.4;
				MTL_ENABLE_DEBUG_INFO = NO;
				MTL_FAST_MATH = YES;
				SDKROOT = iphoneos;
				SWIFT_COMPILATION_MODE = wholemodule;
				SWIFT_OPTIMIZATION_LEVEL = "-O";
				VALIDATE_PRODUCT = YES;
			};
			name = Release;
		};
		E5FA0E3C22EE51140051289A /* Debug */ = {
			isa = XCBuildConfiguration;
			baseConfigurationReference = C86A96149E5DD2AA60DDF0A7 /* Pods-test-aws.debug.xcconfig */;
			buildSettings = {
				ASSETCATALOG_COMPILER_APPICON_NAME = AppIcon;
				CODE_SIGN_STYLE = Automatic;
				DEVELOPMENT_TEAM = 4JSWM49D3V;
				INFOPLIST_FILE = "test-aws/Info.plist";
				LD_RUNPATH_SEARCH_PATHS = (
					"$(inherited)",
					"@executable_path/Frameworks",
				);
				PRODUCT_BUNDLE_IDENTIFIER = "superDeano.test-aws";
				PRODUCT_NAME = "$(TARGET_NAME)";
				SWIFT_VERSION = 5.0;
				TARGETED_DEVICE_FAMILY = "1,2";
			};
			name = Debug;
		};
		E5FA0E3D22EE51140051289A /* Release */ = {
			isa = XCBuildConfiguration;
			baseConfigurationReference = 219028DB01C93A874EA8AAAE /* Pods-test-aws.release.xcconfig */;
			buildSettings = {
				ASSETCATALOG_COMPILER_APPICON_NAME = AppIcon;
				CODE_SIGN_STYLE = Automatic;
				DEVELOPMENT_TEAM = 4JSWM49D3V;
				INFOPLIST_FILE = "test-aws/Info.plist";
				LD_RUNPATH_SEARCH_PATHS = (
					"$(inherited)",
					"@executable_path/Frameworks",
				);
				PRODUCT_BUNDLE_IDENTIFIER = "superDeano.test-aws";
				PRODUCT_NAME = "$(TARGET_NAME)";
				SWIFT_VERSION = 5.0;
				TARGETED_DEVICE_FAMILY = "1,2";
			};
			name = Release;
		};
		E5FA0E3F22EE51140051289A /* Debug */ = {
			isa = XCBuildConfiguration;
			baseConfigurationReference = 61D31EE1DC936A8FDC72245F /* Pods-test-awsTests.debug.xcconfig */;
			buildSettings = {
				ALWAYS_EMBED_SWIFT_STANDARD_LIBRARIES = YES;
				BUNDLE_LOADER = "$(TEST_HOST)";
				CODE_SIGN_STYLE = Automatic;
				DEVELOPMENT_TEAM = 4JSWM49D3V;
				INFOPLIST_FILE = "test-awsTests/Info.plist";
				LD_RUNPATH_SEARCH_PATHS = (
					"$(inherited)",
					"@executable_path/Frameworks",
					"@loader_path/Frameworks",
				);
				PRODUCT_BUNDLE_IDENTIFIER = "superDeano.test-awsTests";
				PRODUCT_NAME = "$(TARGET_NAME)";
				SWIFT_VERSION = 5.0;
				TARGETED_DEVICE_FAMILY = "1,2";
				TEST_HOST = "$(BUILT_PRODUCTS_DIR)/test-aws.app/test-aws";
			};
			name = Debug;
		};
		E5FA0E4022EE51140051289A /* Release */ = {
			isa = XCBuildConfiguration;
			baseConfigurationReference = DC23EFA814336A15E21FA32B /* Pods-test-awsTests.release.xcconfig */;
			buildSettings = {
				ALWAYS_EMBED_SWIFT_STANDARD_LIBRARIES = YES;
				BUNDLE_LOADER = "$(TEST_HOST)";
				CODE_SIGN_STYLE = Automatic;
				DEVELOPMENT_TEAM = 4JSWM49D3V;
				INFOPLIST_FILE = "test-awsTests/Info.plist";
				LD_RUNPATH_SEARCH_PATHS = (
					"$(inherited)",
					"@executable_path/Frameworks",
					"@loader_path/Frameworks",
				);
				PRODUCT_BUNDLE_IDENTIFIER = "superDeano.test-awsTests";
				PRODUCT_NAME = "$(TARGET_NAME)";
				SWIFT_VERSION = 5.0;
				TARGETED_DEVICE_FAMILY = "1,2";
				TEST_HOST = "$(BUILT_PRODUCTS_DIR)/test-aws.app/test-aws";
			};
			name = Release;
		};
		E5FA0E4222EE51140051289A /* Debug */ = {
			isa = XCBuildConfiguration;
			baseConfigurationReference = 9BC293958F1E9C7236B77937 /* Pods-test-awsUITests.debug.xcconfig */;
			buildSettings = {
				ALWAYS_EMBED_SWIFT_STANDARD_LIBRARIES = YES;
				CODE_SIGN_STYLE = Automatic;
				DEVELOPMENT_TEAM = 4JSWM49D3V;
				INFOPLIST_FILE = "test-awsUITests/Info.plist";
				LD_RUNPATH_SEARCH_PATHS = (
					"$(inherited)",
					"@executable_path/Frameworks",
					"@loader_path/Frameworks",
				);
				PRODUCT_BUNDLE_IDENTIFIER = "superDeano.test-awsUITests";
				PRODUCT_NAME = "$(TARGET_NAME)";
				SWIFT_VERSION = 5.0;
				TARGETED_DEVICE_FAMILY = "1,2";
				TEST_TARGET_NAME = "test-aws";
			};
			name = Debug;
		};
		E5FA0E4322EE51140051289A /* Release */ = {
			isa = XCBuildConfiguration;
			baseConfigurationReference = 4ACEFF7FB8226D816BF2E56D /* Pods-test-awsUITests.release.xcconfig */;
			buildSettings = {
				ALWAYS_EMBED_SWIFT_STANDARD_LIBRARIES = YES;
				CODE_SIGN_STYLE = Automatic;
				DEVELOPMENT_TEAM = 4JSWM49D3V;
				INFOPLIST_FILE = "test-awsUITests/Info.plist";
				LD_RUNPATH_SEARCH_PATHS = (
					"$(inherited)",
					"@executable_path/Frameworks",
					"@loader_path/Frameworks",
				);
				PRODUCT_BUNDLE_IDENTIFIER = "superDeano.test-awsUITests";
				PRODUCT_NAME = "$(TARGET_NAME)";
				SWIFT_VERSION = 5.0;
				TARGETED_DEVICE_FAMILY = "1,2";
				TEST_TARGET_NAME = "test-aws";
			};
			name = Release;
		};
/* End XCBuildConfiguration section */

/* Begin XCConfigurationList section */
		E5FA0E0E22EE51120051289A /* Build configuration list for PBXProject "test-aws" */ = {
			isa = XCConfigurationList;
			buildConfigurations = (
				E5FA0E3922EE51140051289A /* Debug */,
				E5FA0E3A22EE51140051289A /* Release */,
			);
			defaultConfigurationIsVisible = 0;
			defaultConfigurationName = Release;
		};
		E5FA0E3B22EE51140051289A /* Build configuration list for PBXNativeTarget "test-aws" */ = {
			isa = XCConfigurationList;
			buildConfigurations = (
				E5FA0E3C22EE51140051289A /* Debug */,
				E5FA0E3D22EE51140051289A /* Release */,
			);
			defaultConfigurationIsVisible = 0;
			defaultConfigurationName = Release;
		};
		E5FA0E3E22EE51140051289A /* Build configuration list for PBXNativeTarget "test-awsTests" */ = {
			isa = XCConfigurationList;
			buildConfigurations = (
				E5FA0E3F22EE51140051289A /* Debug */,
				E5FA0E4022EE51140051289A /* Release */,
			);
			defaultConfigurationIsVisible = 0;
			defaultConfigurationName = Release;
		};
		E5FA0E4122EE51140051289A /* Build configuration list for PBXNativeTarget "test-awsUITests" */ = {
			isa = XCConfigurationList;
			buildConfigurations = (
				E5FA0E4222EE51140051289A /* Debug */,
				E5FA0E4322EE51140051289A /* Release */,
			);
			defaultConfigurationIsVisible = 0;
			defaultConfigurationName = Release;
		};
/* End XCConfigurationList section */
	};
	rootObject = E5FA0E0B22EE51120051289A /* Project object */;
}
