// !$*UTF8*$!
{
	archiveVersion = 1;
	classes = {
	};
	objectVersion = 50;
	objects = {

/* Begin PBXBuildFile section */
		3F1B756572709F0AF0A5E1CE /* Pods_MoodyUITests.framework in Frameworks */ = {isa = PBXBuildFile; fileRef = A6D8E4466209E281FAF53B18 /* Pods_MoodyUITests.framework */; };
		8DC33FDE34D7E620FADFFF79 /* Pods_MoodyTests.framework in Frameworks */ = {isa = PBXBuildFile; fileRef = 883572619111C5B7F52863CF /* Pods_MoodyTests.framework */; };
		DBAA46F8D63095328B855EF1 /* Pods_Moody_Moody.framework in Frameworks */ = {isa = PBXBuildFile; fileRef = A1A19F9CC727CBB52B95DFE9 /* Pods_Moody_Moody.framework */; };
		E5D75353228B545600F3D37D /* awsconfiguration.json in Resources */ = {isa = PBXBuildFile; fileRef = E5D75352228B545600F3D37D /* awsconfiguration.json */; };
		E5D75355228CDD8B00F3D37D /* awsconfiguration.json in Resources */ = {isa = PBXBuildFile; fileRef = E5D75354228CDD8B00F3D37D /* awsconfiguration.json */; };
		E5D753572291E23800F3D37D /* logo.png in Resources */ = {isa = PBXBuildFile; fileRef = E5D753562291E23800F3D37D /* logo.png */; };
		E5E6E6CB227E53EF009FC184 /* AppDelegate.swift in Sources */ = {isa = PBXBuildFile; fileRef = E5E6E6CA227E53EF009FC184 /* AppDelegate.swift */; };
		E5E6E6CD227E53EF009FC184 /* RegisterViewController.swift in Sources */ = {isa = PBXBuildFile; fileRef = E5E6E6CC227E53EF009FC184 /* RegisterViewController.swift */; };
		E5E6E6D0227E53EF009FC184 /* Main.storyboard in Resources */ = {isa = PBXBuildFile; fileRef = E5E6E6CE227E53EF009FC184 /* Main.storyboard */; };
		E5E6E6D2227E53F0009FC184 /* Assets.xcassets in Resources */ = {isa = PBXBuildFile; fileRef = E5E6E6D1227E53F0009FC184 /* Assets.xcassets */; };
		E5E6E6D5227E53F0009FC184 /* LaunchScreen.storyboard in Resources */ = {isa = PBXBuildFile; fileRef = E5E6E6D3227E53F0009FC184 /* LaunchScreen.storyboard */; };
		E5E6E6E0227E53F0009FC184 /* MoodyTests.swift in Sources */ = {isa = PBXBuildFile; fileRef = E5E6E6DF227E53F0009FC184 /* MoodyTests.swift */; };
		E5E6E6EB227E53F0009FC184 /* MoodyUITests.swift in Sources */ = {isa = PBXBuildFile; fileRef = E5E6E6EA227E53F0009FC184 /* MoodyUITests.swift */; };
		E5E6E6FB227E5A4A009FC184 /* LogInViewController.swift in Sources */ = {isa = PBXBuildFile; fileRef = E5E6E6FA227E5A4A009FC184 /* LogInViewController.swift */; };
		E5E6E6FD227F4A5C009FC184 /* UserInfo.swift in Sources */ = {isa = PBXBuildFile; fileRef = E5E6E6FC227F4A5C009FC184 /* UserInfo.swift */; };
		E5E6E7002280C261009FC184 /* images.xcassets in Resources */ = {isa = PBXBuildFile; fileRef = E5E6E6FF2280C260009FC184 /* images.xcassets */; };
		E5E6E7022280DF80009FC184 /* SettingsViewController.swift in Sources */ = {isa = PBXBuildFile; fileRef = E5E6E7012280DF80009FC184 /* SettingsViewController.swift */; };
		E5E6E7042280DFB4009FC184 /* SearchViewController.swift in Sources */ = {isa = PBXBuildFile; fileRef = E5E6E7032280DFB4009FC184 /* SearchViewController.swift */; };
		E5E6E7062280DFE7009FC184 /* FriendsViewController.swift in Sources */ = {isa = PBXBuildFile; fileRef = E5E6E7052280DFE7009FC184 /* FriendsViewController.swift */; };
		E5E6E7082280E006009FC184 /* HomeViewController.swift in Sources */ = {isa = PBXBuildFile; fileRef = E5E6E7072280E006009FC184 /* HomeViewController.swift */; };
/* End PBXBuildFile section */

/* Begin PBXContainerItemProxy section */
		E5E6E6DC227E53F0009FC184 /* PBXContainerItemProxy */ = {
			isa = PBXContainerItemProxy;
			containerPortal = E5E6E6BF227E53EF009FC184 /* Project object */;
			proxyType = 1;
			remoteGlobalIDString = E5E6E6C6227E53EF009FC184;
			remoteInfo = Moody;
		};
		E5E6E6E7227E53F0009FC184 /* PBXContainerItemProxy */ = {
			isa = PBXContainerItemProxy;
			containerPortal = E5E6E6BF227E53EF009FC184 /* Project object */;
			proxyType = 1;
			remoteGlobalIDString = E5E6E6C6227E53EF009FC184;
			remoteInfo = Moody;
		};
/* End PBXContainerItemProxy section */

/* Begin PBXFileReference section */
		052F198157EDCF11B8FF710F /* Pods-MoodyUITests.debug.xcconfig */ = {isa = PBXFileReference; includeInIndex = 1; lastKnownFileType = text.xcconfig; name = "Pods-MoodyUITests.debug.xcconfig"; path = "Target Support Files/Pods-MoodyUITests/Pods-MoodyUITests.debug.xcconfig"; sourceTree = "<group>"; };
		1722601C4030B1F5CC6BDE40 /* Pods-Moody-Moody.release.xcconfig */ = {isa = PBXFileReference; includeInIndex = 1; lastKnownFileType = text.xcconfig; name = "Pods-Moody-Moody.release.xcconfig"; path = "Target Support Files/Pods-Moody-Moody/Pods-Moody-Moody.release.xcconfig"; sourceTree = "<group>"; };
		3E54F8EA99F90246B5143D63 /* Pods-MoodyTests.debug.xcconfig */ = {isa = PBXFileReference; includeInIndex = 1; lastKnownFileType = text.xcconfig; name = "Pods-MoodyTests.debug.xcconfig"; path = "Target Support Files/Pods-MoodyTests/Pods-MoodyTests.debug.xcconfig"; sourceTree = "<group>"; };
		883572619111C5B7F52863CF /* Pods_MoodyTests.framework */ = {isa = PBXFileReference; explicitFileType = wrapper.framework; includeInIndex = 0; path = Pods_MoodyTests.framework; sourceTree = BUILT_PRODUCTS_DIR; };
		A1A19F9CC727CBB52B95DFE9 /* Pods_Moody_Moody.framework */ = {isa = PBXFileReference; explicitFileType = wrapper.framework; includeInIndex = 0; path = Pods_Moody_Moody.framework; sourceTree = BUILT_PRODUCTS_DIR; };
		A6D8E4466209E281FAF53B18 /* Pods_MoodyUITests.framework */ = {isa = PBXFileReference; explicitFileType = wrapper.framework; includeInIndex = 0; path = Pods_MoodyUITests.framework; sourceTree = BUILT_PRODUCTS_DIR; };
		A7749CE6B4AA82722F8B85AE /* Pods-Moody.release.xcconfig */ = {isa = PBXFileReference; includeInIndex = 1; lastKnownFileType = text.xcconfig; name = "Pods-Moody.release.xcconfig"; path = "Target Support Files/Pods-Moody/Pods-Moody.release.xcconfig"; sourceTree = "<group>"; };
		A8ED310F19BC0DC3903133D8 /* Pods-MoodyUITests.release.xcconfig */ = {isa = PBXFileReference; includeInIndex = 1; lastKnownFileType = text.xcconfig; name = "Pods-MoodyUITests.release.xcconfig"; path = "Target Support Files/Pods-MoodyUITests/Pods-MoodyUITests.release.xcconfig"; sourceTree = "<group>"; };
		D74BECAC5F0E3031C32087F0 /* Pods-Moody-Moody.debug.xcconfig */ = {isa = PBXFileReference; includeInIndex = 1; lastKnownFileType = text.xcconfig; name = "Pods-Moody-Moody.debug.xcconfig"; path = "Target Support Files/Pods-Moody-Moody/Pods-Moody-Moody.debug.xcconfig"; sourceTree = "<group>"; };
		D891E98D3F3C083C4CC3FD19 /* Pods-MoodyTests.release.xcconfig */ = {isa = PBXFileReference; includeInIndex = 1; lastKnownFileType = text.xcconfig; name = "Pods-MoodyTests.release.xcconfig"; path = "Target Support Files/Pods-MoodyTests/Pods-MoodyTests.release.xcconfig"; sourceTree = "<group>"; };
		E5D75352228B545600F3D37D /* awsconfiguration.json */ = {isa = PBXFileReference; fileEncoding = 4; lastKnownFileType = text.json; name = awsconfiguration.json; path = Moody/awsconfiguration.json; sourceTree = SOURCE_ROOT; };
		E5D75354228CDD8B00F3D37D /* awsconfiguration.json */ = {isa = PBXFileReference; fileEncoding = 4; lastKnownFileType = text.json; path = awsconfiguration.json; sourceTree = "<group>"; };
		E5D753562291E23800F3D37D /* logo.png */ = {isa = PBXFileReference; lastKnownFileType = image.png; path = logo.png; sourceTree = "<group>"; };
		E5E6E6C7227E53EF009FC184 /* Moody.app */ = {isa = PBXFileReference; explicitFileType = wrapper.application; includeInIndex = 0; path = Moody.app; sourceTree = BUILT_PRODUCTS_DIR; };
		E5E6E6CA227E53EF009FC184 /* AppDelegate.swift */ = {isa = PBXFileReference; lastKnownFileType = sourcecode.swift; path = AppDelegate.swift; sourceTree = "<group>"; };
		E5E6E6CC227E53EF009FC184 /* RegisterViewController.swift */ = {isa = PBXFileReference; lastKnownFileType = sourcecode.swift; path = RegisterViewController.swift; sourceTree = "<group>"; };
		E5E6E6CF227E53EF009FC184 /* Base */ = {isa = PBXFileReference; lastKnownFileType = file.storyboard; name = Base; path = Base.lproj/Main.storyboard; sourceTree = "<group>"; };
		E5E6E6D1227E53F0009FC184 /* Assets.xcassets */ = {isa = PBXFileReference; lastKnownFileType = folder.assetcatalog; path = Assets.xcassets; sourceTree = "<group>"; };
		E5E6E6D4227E53F0009FC184 /* Base */ = {isa = PBXFileReference; lastKnownFileType = file.storyboard; name = Base; path = Base.lproj/LaunchScreen.storyboard; sourceTree = "<group>"; };
		E5E6E6D6227E53F0009FC184 /* Info.plist */ = {isa = PBXFileReference; lastKnownFileType = text.plist.xml; path = Info.plist; sourceTree = "<group>"; };
		E5E6E6DB227E53F0009FC184 /* MoodyTests.xctest */ = {isa = PBXFileReference; explicitFileType = wrapper.cfbundle; includeInIndex = 0; path = MoodyTests.xctest; sourceTree = BUILT_PRODUCTS_DIR; };
		E5E6E6DF227E53F0009FC184 /* MoodyTests.swift */ = {isa = PBXFileReference; lastKnownFileType = sourcecode.swift; path = MoodyTests.swift; sourceTree = "<group>"; };
		E5E6E6E1227E53F0009FC184 /* Info.plist */ = {isa = PBXFileReference; lastKnownFileType = text.plist.xml; path = Info.plist; sourceTree = "<group>"; };
		E5E6E6E6227E53F0009FC184 /* MoodyUITests.xctest */ = {isa = PBXFileReference; explicitFileType = wrapper.cfbundle; includeInIndex = 0; path = MoodyUITests.xctest; sourceTree = BUILT_PRODUCTS_DIR; };
		E5E6E6EA227E53F0009FC184 /* MoodyUITests.swift */ = {isa = PBXFileReference; lastKnownFileType = sourcecode.swift; path = MoodyUITests.swift; sourceTree = "<group>"; };
		E5E6E6EC227E53F0009FC184 /* Info.plist */ = {isa = PBXFileReference; lastKnownFileType = text.plist.xml; path = Info.plist; sourceTree = "<group>"; };
		E5E6E6FA227E5A4A009FC184 /* LogInViewController.swift */ = {isa = PBXFileReference; lastKnownFileType = sourcecode.swift; path = LogInViewController.swift; sourceTree = "<group>"; };
		E5E6E6FC227F4A5C009FC184 /* UserInfo.swift */ = {isa = PBXFileReference; lastKnownFileType = sourcecode.swift; path = UserInfo.swift; sourceTree = "<group>"; };
		E5E6E6FF2280C260009FC184 /* images.xcassets */ = {isa = PBXFileReference; lastKnownFileType = folder.assetcatalog; path = images.xcassets; sourceTree = "<group>"; };
		E5E6E7012280DF80009FC184 /* SettingsViewController.swift */ = {isa = PBXFileReference; lastKnownFileType = sourcecode.swift; path = SettingsViewController.swift; sourceTree = "<group>"; };
		E5E6E7032280DFB4009FC184 /* SearchViewController.swift */ = {isa = PBXFileReference; lastKnownFileType = sourcecode.swift; path = SearchViewController.swift; sourceTree = "<group>"; };
		E5E6E7052280DFE7009FC184 /* FriendsViewController.swift */ = {isa = PBXFileReference; lastKnownFileType = sourcecode.swift; path = FriendsViewController.swift; sourceTree = "<group>"; };
		E5E6E7072280E006009FC184 /* HomeViewController.swift */ = {isa = PBXFileReference; lastKnownFileType = sourcecode.swift; path = HomeViewController.swift; sourceTree = "<group>"; };
		F784366E6BC99F1D96FACD4C /* Pods-Moody.debug.xcconfig */ = {isa = PBXFileReference; includeInIndex = 1; lastKnownFileType = text.xcconfig; name = "Pods-Moody.debug.xcconfig"; path = "Target Support Files/Pods-Moody/Pods-Moody.debug.xcconfig"; sourceTree = "<group>"; };
/* End PBXFileReference section */

/* Begin PBXFrameworksBuildPhase section */
		E5E6E6C4227E53EF009FC184 /* Frameworks */ = {
			isa = PBXFrameworksBuildPhase;
			buildActionMask = 2147483647;
			files = (
				DBAA46F8D63095328B855EF1 /* Pods_Moody_Moody.framework in Frameworks */,
			);
			runOnlyForDeploymentPostprocessing = 0;
		};
		E5E6E6D8227E53F0009FC184 /* Frameworks */ = {
			isa = PBXFrameworksBuildPhase;
			buildActionMask = 2147483647;
			files = (
				8DC33FDE34D7E620FADFFF79 /* Pods_MoodyTests.framework in Frameworks */,
			);
			runOnlyForDeploymentPostprocessing = 0;
		};
		E5E6E6E3227E53F0009FC184 /* Frameworks */ = {
			isa = PBXFrameworksBuildPhase;
			buildActionMask = 2147483647;
			files = (
				3F1B756572709F0AF0A5E1CE /* Pods_MoodyUITests.framework in Frameworks */,
			);
			runOnlyForDeploymentPostprocessing = 0;
		};
/* End PBXFrameworksBuildPhase section */

/* Begin PBXGroup section */
		A33BA54FAEF5F9532DA8C336 /* Pods */ = {
			isa = PBXGroup;
			children = (
				F784366E6BC99F1D96FACD4C /* Pods-Moody.debug.xcconfig */,
				A7749CE6B4AA82722F8B85AE /* Pods-Moody.release.xcconfig */,
				D74BECAC5F0E3031C32087F0 /* Pods-Moody-Moody.debug.xcconfig */,
				1722601C4030B1F5CC6BDE40 /* Pods-Moody-Moody.release.xcconfig */,
				3E54F8EA99F90246B5143D63 /* Pods-MoodyTests.debug.xcconfig */,
				D891E98D3F3C083C4CC3FD19 /* Pods-MoodyTests.release.xcconfig */,
				052F198157EDCF11B8FF710F /* Pods-MoodyUITests.debug.xcconfig */,
				A8ED310F19BC0DC3903133D8 /* Pods-MoodyUITests.release.xcconfig */,
			);
			path = Pods;
			sourceTree = "<group>";
		};
		D576E28AC03BFF45BFEA5000 /* Frameworks */ = {
			isa = PBXGroup;
			children = (
				883572619111C5B7F52863CF /* Pods_MoodyTests.framework */,
				A6D8E4466209E281FAF53B18 /* Pods_MoodyUITests.framework */,
				A1A19F9CC727CBB52B95DFE9 /* Pods_Moody_Moody.framework */,
			);
			name = Frameworks;
			sourceTree = "<group>";
		};
		E5E6E6BE227E53EF009FC184 = {
			isa = PBXGroup;
			children = (
				E5E6E6C9227E53EF009FC184 /* Moody */,
				E5E6E6DE227E53F0009FC184 /* MoodyTests */,
				E5E6E6E9227E53F0009FC184 /* MoodyUITests */,
				E5E6E6C8227E53EF009FC184 /* Products */,
				A33BA54FAEF5F9532DA8C336 /* Pods */,
				D576E28AC03BFF45BFEA5000 /* Frameworks */,
			);
			sourceTree = "<group>";
		};
		E5E6E6C8227E53EF009FC184 /* Products */ = {
			isa = PBXGroup;
			children = (
				E5E6E6C7227E53EF009FC184 /* Moody.app */,
				E5E6E6DB227E53F0009FC184 /* MoodyTests.xctest */,
				E5E6E6E6227E53F0009FC184 /* MoodyUITests.xctest */,
			);
			name = Products;
			sourceTree = "<group>";
		};
		E5E6E6C9227E53EF009FC184 /* Moody */ = {
			isa = PBXGroup;
			children = (
				E5D75352228B545600F3D37D /* awsconfiguration.json */,
				E5E6E6FA227E5A4A009FC184 /* LogInViewController.swift */,
				E5E6E7012280DF80009FC184 /* SettingsViewController.swift */,
				E5E6E6CA227E53EF009FC184 /* AppDelegate.swift */,
				E5E6E6CC227E53EF009FC184 /* RegisterViewController.swift */,
				E5E6E6CE227E53EF009FC184 /* Main.storyboard */,
				E5E6E7032280DFB4009FC184 /* SearchViewController.swift */,
				E5D75354228CDD8B00F3D37D /* awsconfiguration.json */,
				E5E6E7052280DFE7009FC184 /* FriendsViewController.swift */,
				E5E6E7072280E006009FC184 /* HomeViewController.swift */,
				E5E6E6FC227F4A5C009FC184 /* UserInfo.swift */,
				E5E6E6D1227E53F0009FC184 /* Assets.xcassets */,
				E5E6E6FF2280C260009FC184 /* images.xcassets */,
				E5E6E6D3227E53F0009FC184 /* LaunchScreen.storyboard */,
				E5D753562291E23800F3D37D /* logo.png */,
				E5E6E6D6227E53F0009FC184 /* Info.plist */,
			);
			path = Moody;
			sourceTree = "<group>";
		};
		E5E6E6DE227E53F0009FC184 /* MoodyTests */ = {
			isa = PBXGroup;
			children = (
				E5E6E6DF227E53F0009FC184 /* MoodyTests.swift */,
				E5E6E6E1227E53F0009FC184 /* Info.plist */,
			);
			path = MoodyTests;
			sourceTree = "<group>";
		};
		E5E6E6E9227E53F0009FC184 /* MoodyUITests */ = {
			isa = PBXGroup;
			children = (
				E5E6E6EA227E53F0009FC184 /* MoodyUITests.swift */,
				E5E6E6EC227E53F0009FC184 /* Info.plist */,
			);
			path = MoodyUITests;
			sourceTree = "<group>";
		};
/* End PBXGroup section */

/* Begin PBXNativeTarget section */
		E5E6E6C6227E53EF009FC184 /* Moody */ = {
			isa = PBXNativeTarget;
			buildConfigurationList = E5E6E6EF227E53F0009FC184 /* Build configuration list for PBXNativeTarget "Moody" */;
			buildPhases = (
				11517C5EC93428B600CC7CE1 /* [CP] Check Pods Manifest.lock */,
				E5E6E6C3227E53EF009FC184 /* Sources */,
				E5E6E6C4227E53EF009FC184 /* Frameworks */,
				E5E6E6C5227E53EF009FC184 /* Resources */,
				928A720B4033E6501519CBB0 /* [CP] Embed Pods Frameworks */,
			);
			buildRules = (
			);
			dependencies = (
			);
			name = Moody;
			productName = Moody;
			productReference = E5E6E6C7227E53EF009FC184 /* Moody.app */;
			productType = "com.apple.product-type.application";
		};
		E5E6E6DA227E53F0009FC184 /* MoodyTests */ = {
			isa = PBXNativeTarget;
			buildConfigurationList = E5E6E6F2227E53F0009FC184 /* Build configuration list for PBXNativeTarget "MoodyTests" */;
			buildPhases = (
				6E42E143D6F57D5481890F89 /* [CP] Check Pods Manifest.lock */,
				E5E6E6D7227E53F0009FC184 /* Sources */,
				E5E6E6D8227E53F0009FC184 /* Frameworks */,
				E5E6E6D9227E53F0009FC184 /* Resources */,
			);
			buildRules = (
			);
			dependencies = (
				E5E6E6DD227E53F0009FC184 /* PBXTargetDependency */,
			);
			name = MoodyTests;
			productName = MoodyTests;
			productReference = E5E6E6DB227E53F0009FC184 /* MoodyTests.xctest */;
			productType = "com.apple.product-type.bundle.unit-test";
		};
		E5E6E6E5227E53F0009FC184 /* MoodyUITests */ = {
			isa = PBXNativeTarget;
			buildConfigurationList = E5E6E6F5227E53F0009FC184 /* Build configuration list for PBXNativeTarget "MoodyUITests" */;
			buildPhases = (
				8BD8176B40881B113E757507 /* [CP] Check Pods Manifest.lock */,
				E5E6E6E2227E53F0009FC184 /* Sources */,
				E5E6E6E3227E53F0009FC184 /* Frameworks */,
				E5E6E6E4227E53F0009FC184 /* Resources */,
			);
			buildRules = (
			);
			dependencies = (
				E5E6E6E8227E53F0009FC184 /* PBXTargetDependency */,
			);
			name = MoodyUITests;
			productName = MoodyUITests;
			productReference = E5E6E6E6227E53F0009FC184 /* MoodyUITests.xctest */;
			productType = "com.apple.product-type.bundle.ui-testing";
		};
/* End PBXNativeTarget section */

/* Begin PBXProject section */
		E5E6E6BF227E53EF009FC184 /* Project object */ = {
			isa = PBXProject;
			attributes = {
				LastSwiftUpdateCheck = 1020;
				LastUpgradeCheck = 1020;
				ORGANIZATIONNAME = superDeano;
				TargetAttributes = {
					E5E6E6C6227E53EF009FC184 = {
						CreatedOnToolsVersion = 10.2.1;
					};
					E5E6E6DA227E53F0009FC184 = {
						CreatedOnToolsVersion = 10.2.1;
						TestTargetID = E5E6E6C6227E53EF009FC184;
					};
					E5E6E6E5227E53F0009FC184 = {
						CreatedOnToolsVersion = 10.2.1;
						TestTargetID = E5E6E6C6227E53EF009FC184;
					};
				};
			};
			buildConfigurationList = E5E6E6C2227E53EF009FC184 /* Build configuration list for PBXProject "Moody" */;
			compatibilityVersion = "Xcode 9.3";
			developmentRegion = en;
			hasScannedForEncodings = 0;
			knownRegions = (
				en,
				Base,
			);
			mainGroup = E5E6E6BE227E53EF009FC184;
			productRefGroup = E5E6E6C8227E53EF009FC184 /* Products */;
			projectDirPath = "";
			projectRoot = "";
			targets = (
				E5E6E6C6227E53EF009FC184 /* Moody */,
				E5E6E6DA227E53F0009FC184 /* MoodyTests */,
				E5E6E6E5227E53F0009FC184 /* MoodyUITests */,
			);
		};
/* End PBXProject section */

/* Begin PBXResourcesBuildPhase section */
		E5E6E6C5227E53EF009FC184 /* Resources */ = {
			isa = PBXResourcesBuildPhase;
			buildActionMask = 2147483647;
			files = (
				E5D75355228CDD8B00F3D37D /* awsconfiguration.json in Resources */,
				E5E6E6D5227E53F0009FC184 /* LaunchScreen.storyboard in Resources */,
				E5D753572291E23800F3D37D /* logo.png in Resources */,
				E5E6E6D2227E53F0009FC184 /* Assets.xcassets in Resources */,
				E5E6E7002280C261009FC184 /* images.xcassets in Resources */,
				E5E6E6D0227E53EF009FC184 /* Main.storyboard in Resources */,
			);
			runOnlyForDeploymentPostprocessing = 0;
		};
		E5E6E6D9227E53F0009FC184 /* Resources */ = {
			isa = PBXResourcesBuildPhase;
			buildActionMask = 2147483647;
			files = (
				E5D75353228B545600F3D37D /* awsconfiguration.json in Resources */,
			);
			runOnlyForDeploymentPostprocessing = 0;
		};
		E5E6E6E4227E53F0009FC184 /* Resources */ = {
			isa = PBXResourcesBuildPhase;
			buildActionMask = 2147483647;
			files = (
			);
			runOnlyForDeploymentPostprocessing = 0;
		};
/* End PBXResourcesBuildPhase section */

/* Begin PBXShellScriptBuildPhase section */
		11517C5EC93428B600CC7CE1 /* [CP] Check Pods Manifest.lock */ = {
			isa = PBXShellScriptBuildPhase;
			buildActionMask = 2147483647;
			files = (
			);
			inputFileListPaths = (
			);
			inputPaths = (
				"${PODS_PODFILE_DIR_PATH}/Podfile.lock",
				"${PODS_ROOT}/Manifest.lock",
			);
			name = "[CP] Check Pods Manifest.lock";
			outputFileListPaths = (
			);
			outputPaths = (
				"$(DERIVED_FILE_DIR)/Pods-Moody-Moody-checkManifestLockResult.txt",
			);
			runOnlyForDeploymentPostprocessing = 0;
			shellPath = /bin/sh;
			shellScript = "diff \"${PODS_PODFILE_DIR_PATH}/Podfile.lock\" \"${PODS_ROOT}/Manifest.lock\" > /dev/null\nif [ $? != 0 ] ; then\n    # print error to STDERR\n    echo \"error: The sandbox is not in sync with the Podfile.lock. Run 'pod install' or update your CocoaPods installation.\" >&2\n    exit 1\nfi\n# This output is used by Xcode 'outputs' to avoid re-running this script phase.\necho \"SUCCESS\" > \"${SCRIPT_OUTPUT_FILE_0}\"\n";
			showEnvVarsInLog = 0;
		};
		6E42E143D6F57D5481890F89 /* [CP] Check Pods Manifest.lock */ = {
			isa = PBXShellScriptBuildPhase;
			buildActionMask = 2147483647;
			files = (
			);
			inputFileListPaths = (
			);
			inputPaths = (
				"${PODS_PODFILE_DIR_PATH}/Podfile.lock",
				"${PODS_ROOT}/Manifest.lock",
			);
			name = "[CP] Check Pods Manifest.lock";
			outputFileListPaths = (
			);
			outputPaths = (
				"$(DERIVED_FILE_DIR)/Pods-MoodyTests-checkManifestLockResult.txt",
			);
			runOnlyForDeploymentPostprocessing = 0;
			shellPath = /bin/sh;
			shellScript = "diff \"${PODS_PODFILE_DIR_PATH}/Podfile.lock\" \"${PODS_ROOT}/Manifest.lock\" > /dev/null\nif [ $? != 0 ] ; then\n    # print error to STDERR\n    echo \"error: The sandbox is not in sync with the Podfile.lock. Run 'pod install' or update your CocoaPods installation.\" >&2\n    exit 1\nfi\n# This output is used by Xcode 'outputs' to avoid re-running this script phase.\necho \"SUCCESS\" > \"${SCRIPT_OUTPUT_FILE_0}\"\n";
			showEnvVarsInLog = 0;
		};
		8BD8176B40881B113E757507 /* [CP] Check Pods Manifest.lock */ = {
			isa = PBXShellScriptBuildPhase;
			buildActionMask = 2147483647;
			files = (
			);
			inputFileListPaths = (
			);
			inputPaths = (
				"${PODS_PODFILE_DIR_PATH}/Podfile.lock",
				"${PODS_ROOT}/Manifest.lock",
			);
			name = "[CP] Check Pods Manifest.lock";
			outputFileListPaths = (
			);
			outputPaths = (
				"$(DERIVED_FILE_DIR)/Pods-MoodyUITests-checkManifestLockResult.txt",
			);
			runOnlyForDeploymentPostprocessing = 0;
			shellPath = /bin/sh;
			shellScript = "diff \"${PODS_PODFILE_DIR_PATH}/Podfile.lock\" \"${PODS_ROOT}/Manifest.lock\" > /dev/null\nif [ $? != 0 ] ; then\n    # print error to STDERR\n    echo \"error: The sandbox is not in sync with the Podfile.lock. Run 'pod install' or update your CocoaPods installation.\" >&2\n    exit 1\nfi\n# This output is used by Xcode 'outputs' to avoid re-running this script phase.\necho \"SUCCESS\" > \"${SCRIPT_OUTPUT_FILE_0}\"\n";
			showEnvVarsInLog = 0;
		};
		928A720B4033E6501519CBB0 /* [CP] Embed Pods Frameworks */ = {
			isa = PBXShellScriptBuildPhase;
			buildActionMask = 2147483647;
			files = (
			);
			inputFileListPaths = (
				"${PODS_ROOT}/Target Support Files/Pods-Moody-Moody/Pods-Moody-Moody-frameworks-${CONFIGURATION}-input-files.xcfilelist",
			);
			name = "[CP] Embed Pods Frameworks";
			outputFileListPaths = (
				"${PODS_ROOT}/Target Support Files/Pods-Moody-Moody/Pods-Moody-Moody-frameworks-${CONFIGURATION}-output-files.xcfilelist",
			);
			runOnlyForDeploymentPostprocessing = 0;
			shellPath = /bin/sh;
			shellScript = "\"${PODS_ROOT}/Target Support Files/Pods-Moody-Moody/Pods-Moody-Moody-frameworks.sh\"\n";
			showEnvVarsInLog = 0;
		};
/* End PBXShellScriptBuildPhase section */

/* Begin PBXSourcesBuildPhase section */
		E5E6E6C3227E53EF009FC184 /* Sources */ = {
			isa = PBXSourcesBuildPhase;
			buildActionMask = 2147483647;
			files = (
				E5E6E7042280DFB4009FC184 /* SearchViewController.swift in Sources */,
				E5E6E6FD227F4A5C009FC184 /* UserInfo.swift in Sources */,
				E5E6E6CD227E53EF009FC184 /* RegisterViewController.swift in Sources */,
				E5E6E7082280E006009FC184 /* HomeViewController.swift in Sources */,
				E5E6E6CB227E53EF009FC184 /* AppDelegate.swift in Sources */,
				E5E6E7062280DFE7009FC184 /* FriendsViewController.swift in Sources */,
				E5E6E7022280DF80009FC184 /* SettingsViewController.swift in Sources */,
				E5E6E6FB227E5A4A009FC184 /* LogInViewController.swift in Sources */,
			);
			runOnlyForDeploymentPostprocessing = 0;
		};
		E5E6E6D7227E53F0009FC184 /* Sources */ = {
			isa = PBXSourcesBuildPhase;
			buildActionMask = 2147483647;
			files = (
				E5E6E6E0227E53F0009FC184 /* MoodyTests.swift in Sources */,
			);
			runOnlyForDeploymentPostprocessing = 0;
		};
		E5E6E6E2227E53F0009FC184 /* Sources */ = {
			isa = PBXSourcesBuildPhase;
			buildActionMask = 2147483647;
			files = (
				E5E6E6EB227E53F0009FC184 /* MoodyUITests.swift in Sources */,
			);
			runOnlyForDeploymentPostprocessing = 0;
		};
/* End PBXSourcesBuildPhase section */

/* Begin PBXTargetDependency section */
		E5E6E6DD227E53F0009FC184 /* PBXTargetDependency */ = {
			isa = PBXTargetDependency;
			target = E5E6E6C6227E53EF009FC184 /* Moody */;
			targetProxy = E5E6E6DC227E53F0009FC184 /* PBXContainerItemProxy */;
		};
		E5E6E6E8227E53F0009FC184 /* PBXTargetDependency */ = {
			isa = PBXTargetDependency;
			target = E5E6E6C6227E53EF009FC184 /* Moody */;
			targetProxy = E5E6E6E7227E53F0009FC184 /* PBXContainerItemProxy */;
		};
/* End PBXTargetDependency section */

/* Begin PBXVariantGroup section */
		E5E6E6CE227E53EF009FC184 /* Main.storyboard */ = {
			isa = PBXVariantGroup;
			children = (
				E5E6E6CF227E53EF009FC184 /* Base */,
			);
			name = Main.storyboard;
			sourceTree = "<group>";
		};
		E5E6E6D3227E53F0009FC184 /* LaunchScreen.storyboard */ = {
			isa = PBXVariantGroup;
			children = (
				E5E6E6D4227E53F0009FC184 /* Base */,
			);
			name = LaunchScreen.storyboard;
			sourceTree = "<group>";
		};
/* End PBXVariantGroup section */

/* Begin XCBuildConfiguration section */
		E5E6E6ED227E53F0009FC184 /* Debug */ = {
			isa = XCBuildConfiguration;
			buildSettings = {
				ALWAYS_SEARCH_USER_PATHS = NO;
				CLANG_ANALYZER_NONNULL = YES;
				CLANG_ANALYZER_NUMBER_OBJECT_CONVERSION = YES_AGGRESSIVE;
				CLANG_CXX_LANGUAGE_STANDARD = "gnu++14";
				CLANG_CXX_LIBRARY = "libc++";
				CLANG_ENABLE_MODULES = YES;
				CLANG_ENABLE_OBJC_ARC = YES;
				CLANG_ENABLE_OBJC_WEAK = YES;
				CLANG_WARN_BLOCK_CAPTURE_AUTORELEASING = YES;
				CLANG_WARN_BOOL_CONVERSION = YES;
				CLANG_WARN_COMMA = YES;
				CLANG_WARN_CONSTANT_CONVERSION = YES;
				CLANG_WARN_DEPRECATED_OBJC_IMPLEMENTATIONS = YES;
				CLANG_WARN_DIRECT_OBJC_ISA_USAGE = YES_ERROR;
				CLANG_WARN_DOCUMENTATION_COMMENTS = YES;
				CLANG_WARN_EMPTY_BODY = YES;
				CLANG_WARN_ENUM_CONVERSION = YES;
				CLANG_WARN_INFINITE_RECURSION = YES;
				CLANG_WARN_INT_CONVERSION = YES;
				CLANG_WARN_NON_LITERAL_NULL_CONVERSION = YES;
				CLANG_WARN_OBJC_IMPLICIT_RETAIN_SELF = YES;
				CLANG_WARN_OBJC_LITERAL_CONVERSION = YES;
				CLANG_WARN_OBJC_ROOT_CLASS = YES_ERROR;
				CLANG_WARN_RANGE_LOOP_ANALYSIS = YES;
				CLANG_WARN_STRICT_PROTOTYPES = YES;
				CLANG_WARN_SUSPICIOUS_MOVE = YES;
				CLANG_WARN_UNGUARDED_AVAILABILITY = YES_AGGRESSIVE;
				CLANG_WARN_UNREACHABLE_CODE = YES;
				CLANG_WARN__DUPLICATE_METHOD_MATCH = YES;
				CODE_SIGN_IDENTITY = "iPhone Developer";
				COPY_PHASE_STRIP = NO;
				DEBUG_INFORMATION_FORMAT = dwarf;
				ENABLE_STRICT_OBJC_MSGSEND = YES;
				ENABLE_TESTABILITY = YES;
				GCC_C_LANGUAGE_STANDARD = gnu11;
				GCC_DYNAMIC_NO_PIC = NO;
				GCC_NO_COMMON_BLOCKS = YES;
				GCC_OPTIMIZATION_LEVEL = 0;
				GCC_PREPROCESSOR_DEFINITIONS = (
					"DEBUG=1",
					"$(inherited)",
				);
				GCC_WARN_64_TO_32_BIT_CONVERSION = YES;
				GCC_WARN_ABOUT_RETURN_TYPE = YES_ERROR;
				GCC_WARN_UNDECLARED_SELECTOR = YES;
				GCC_WARN_UNINITIALIZED_AUTOS = YES_AGGRESSIVE;
				GCC_WARN_UNUSED_FUNCTION = YES;
				GCC_WARN_UNUSED_VARIABLE = YES;
				IPHONEOS_DEPLOYMENT_TARGET = 12.2;
				MTL_ENABLE_DEBUG_INFO = INCLUDE_SOURCE;
				MTL_FAST_MATH = YES;
				ONLY_ACTIVE_ARCH = YES;
				SDKROOT = iphoneos;
				SWIFT_ACTIVE_COMPILATION_CONDITIONS = DEBUG;
				SWIFT_OPTIMIZATION_LEVEL = "-Onone";
			};
			name = Debug;
		};
		E5E6E6EE227E53F0009FC184 /* Release */ = {
			isa = XCBuildConfiguration;
			buildSettings = {
				ALWAYS_SEARCH_USER_PATHS = NO;
				CLANG_ANALYZER_NONNULL = YES;
				CLANG_ANALYZER_NUMBER_OBJECT_CONVERSION = YES_AGGRESSIVE;
				CLANG_CXX_LANGUAGE_STANDARD = "gnu++14";
				CLANG_CXX_LIBRARY = "libc++";
				CLANG_ENABLE_MODULES = YES;
				CLANG_ENABLE_OBJC_ARC = YES;
				CLANG_ENABLE_OBJC_WEAK = YES;
				CLANG_WARN_BLOCK_CAPTURE_AUTORELEASING = YES;
				CLANG_WARN_BOOL_CONVERSION = YES;
				CLANG_WARN_COMMA = YES;
				CLANG_WARN_CONSTANT_CONVERSION = YES;
				CLANG_WARN_DEPRECATED_OBJC_IMPLEMENTATIONS = YES;
				CLANG_WARN_DIRECT_OBJC_ISA_USAGE = YES_ERROR;
				CLANG_WARN_DOCUMENTATION_COMMENTS = YES;
				CLANG_WARN_EMPTY_BODY = YES;
				CLANG_WARN_ENUM_CONVERSION = YES;
				CLANG_WARN_INFINITE_RECURSION = YES;
				CLANG_WARN_INT_CONVERSION = YES;
				CLANG_WARN_NON_LITERAL_NULL_CONVERSION = YES;
				CLANG_WARN_OBJC_IMPLICIT_RETAIN_SELF = YES;
				CLANG_WARN_OBJC_LITERAL_CONVERSION = YES;
				CLANG_WARN_OBJC_ROOT_CLASS = YES_ERROR;
				CLANG_WARN_RANGE_LOOP_ANALYSIS = YES;
				CLANG_WARN_STRICT_PROTOTYPES = YES;
				CLANG_WARN_SUSPICIOUS_MOVE = YES;
				CLANG_WARN_UNGUARDED_AVAILABILITY = YES_AGGRESSIVE;
				CLANG_WARN_UNREACHABLE_CODE = YES;
				CLANG_WARN__DUPLICATE_METHOD_MATCH = YES;
				CODE_SIGN_IDENTITY = "iPhone Developer";
				COPY_PHASE_STRIP = NO;
				DEBUG_INFORMATION_FORMAT = "dwarf-with-dsym";
				ENABLE_NS_ASSERTIONS = NO;
				ENABLE_STRICT_OBJC_MSGSEND = YES;
				GCC_C_LANGUAGE_STANDARD = gnu11;
				GCC_NO_COMMON_BLOCKS = YES;
				GCC_WARN_64_TO_32_BIT_CONVERSION = YES;
				GCC_WARN_ABOUT_RETURN_TYPE = YES_ERROR;
				GCC_WARN_UNDECLARED_SELECTOR = YES;
				GCC_WARN_UNINITIALIZED_AUTOS = YES_AGGRESSIVE;
				GCC_WARN_UNUSED_FUNCTION = YES;
				GCC_WARN_UNUSED_VARIABLE = YES;
				IPHONEOS_DEPLOYMENT_TARGET = 12.2;
				MTL_ENABLE_DEBUG_INFO = NO;
				MTL_FAST_MATH = YES;
				SDKROOT = iphoneos;
				SWIFT_COMPILATION_MODE = wholemodule;
				SWIFT_OPTIMIZATION_LEVEL = "-O";
				VALIDATE_PRODUCT = YES;
			};
			name = Release;
		};
		E5E6E6F0227E53F0009FC184 /* Debug */ = {
			isa = XCBuildConfiguration;
			baseConfigurationReference = D74BECAC5F0E3031C32087F0 /* Pods-Moody-Moody.debug.xcconfig */;
			buildSettings = {
				ASSETCATALOG_COMPILER_APPICON_NAME = AppIcon;
				CODE_SIGN_STYLE = Automatic;
				DEVELOPMENT_TEAM = 4JSWM49D3V;
				INFOPLIST_FILE = Moody/Info.plist;
				LD_RUNPATH_SEARCH_PATHS = (
					"$(inherited)",
					"@executable_path/Frameworks",
				);
				PRODUCT_BUNDLE_IDENTIFIER = superDeano.Moody;
				PRODUCT_NAME = "$(TARGET_NAME)";
				SWIFT_VERSION = 5.0;
				TARGETED_DEVICE_FAMILY = "1,2";
			};
			name = Debug;
		};
		E5E6E6F1227E53F0009FC184 /* Release */ = {
			isa = XCBuildConfiguration;
			baseConfigurationReference = 1722601C4030B1F5CC6BDE40 /* Pods-Moody-Moody.release.xcconfig */;
			buildSettings = {
				ASSETCATALOG_COMPILER_APPICON_NAME = AppIcon;
				CODE_SIGN_STYLE = Automatic;
				DEVELOPMENT_TEAM = 4JSWM49D3V;
				INFOPLIST_FILE = Moody/Info.plist;
				LD_RUNPATH_SEARCH_PATHS = (
					"$(inherited)",
					"@executable_path/Frameworks",
				);
				PRODUCT_BUNDLE_IDENTIFIER = superDeano.Moody;
				PRODUCT_NAME = "$(TARGET_NAME)";
				SWIFT_VERSION = 5.0;
				TARGETED_DEVICE_FAMILY = "1,2";
			};
			name = Release;
		};
		E5E6E6F3227E53F0009FC184 /* Debug */ = {
			isa = XCBuildConfiguration;
			baseConfigurationReference = 3E54F8EA99F90246B5143D63 /* Pods-MoodyTests.debug.xcconfig */;
			buildSettings = {
				ALWAYS_EMBED_SWIFT_STANDARD_LIBRARIES = YES;
				BUNDLE_LOADER = "$(TEST_HOST)";
				CODE_SIGN_STYLE = Automatic;
				DEVELOPMENT_TEAM = 4JSWM49D3V;
				INFOPLIST_FILE = MoodyTests/Info.plist;
				LD_RUNPATH_SEARCH_PATHS = (
					"$(inherited)",
					"@executable_path/Frameworks",
					"@loader_path/Frameworks",
				);
				PRODUCT_BUNDLE_IDENTIFIER = superDeano.MoodyTests;
				PRODUCT_NAME = "$(TARGET_NAME)";
				SWIFT_VERSION = 5.0;
				TARGETED_DEVICE_FAMILY = "1,2";
				TEST_HOST = "$(BUILT_PRODUCTS_DIR)/Moody.app/Moody";
			};
			name = Debug;
		};
		E5E6E6F4227E53F0009FC184 /* Release */ = {
			isa = XCBuildConfiguration;
			baseConfigurationReference = D891E98D3F3C083C4CC3FD19 /* Pods-MoodyTests.release.xcconfig */;
			buildSettings = {
				ALWAYS_EMBED_SWIFT_STANDARD_LIBRARIES = YES;
				BUNDLE_LOADER = "$(TEST_HOST)";
				CODE_SIGN_STYLE = Automatic;
				DEVELOPMENT_TEAM = 4JSWM49D3V;
				INFOPLIST_FILE = MoodyTests/Info.plist;
				LD_RUNPATH_SEARCH_PATHS = (
					"$(inherited)",
					"@executable_path/Frameworks",
					"@loader_path/Frameworks",
				);
				PRODUCT_BUNDLE_IDENTIFIER = superDeano.MoodyTests;
				PRODUCT_NAME = "$(TARGET_NAME)";
				SWIFT_VERSION = 5.0;
				TARGETED_DEVICE_FAMILY = "1,2";
				TEST_HOST = "$(BUILT_PRODUCTS_DIR)/Moody.app/Moody";
			};
			name = Release;
		};
		E5E6E6F6227E53F0009FC184 /* Debug */ = {
			isa = XCBuildConfiguration;
			baseConfigurationReference = 052F198157EDCF11B8FF710F /* Pods-MoodyUITests.debug.xcconfig */;
			buildSettings = {
				ALWAYS_EMBED_SWIFT_STANDARD_LIBRARIES = YES;
				CODE_SIGN_STYLE = Automatic;
				DEVELOPMENT_TEAM = 4JSWM49D3V;
				INFOPLIST_FILE = MoodyUITests/Info.plist;
				LD_RUNPATH_SEARCH_PATHS = (
					"$(inherited)",
					"@executable_path/Frameworks",
					"@loader_path/Frameworks",
				);
				PRODUCT_BUNDLE_IDENTIFIER = superDeano.MoodyUITests;
				PRODUCT_NAME = "$(TARGET_NAME)";
				SWIFT_VERSION = 5.0;
				TARGETED_DEVICE_FAMILY = "1,2";
				TEST_TARGET_NAME = Moody;
			};
			name = Debug;
		};
		E5E6E6F7227E53F0009FC184 /* Release */ = {
			isa = XCBuildConfiguration;
			baseConfigurationReference = A8ED310F19BC0DC3903133D8 /* Pods-MoodyUITests.release.xcconfig */;
			buildSettings = {
				ALWAYS_EMBED_SWIFT_STANDARD_LIBRARIES = YES;
				CODE_SIGN_STYLE = Automatic;
				DEVELOPMENT_TEAM = 4JSWM49D3V;
				INFOPLIST_FILE = MoodyUITests/Info.plist;
				LD_RUNPATH_SEARCH_PATHS = (
					"$(inherited)",
					"@executable_path/Frameworks",
					"@loader_path/Frameworks",
				);
				PRODUCT_BUNDLE_IDENTIFIER = superDeano.MoodyUITests;
				PRODUCT_NAME = "$(TARGET_NAME)";
				SWIFT_VERSION = 5.0;
				TARGETED_DEVICE_FAMILY = "1,2";
				TEST_TARGET_NAME = Moody;
			};
			name = Release;
		};
/* End XCBuildConfiguration section */

/* Begin XCConfigurationList section */
		E5E6E6C2227E53EF009FC184 /* Build configuration list for PBXProject "Moody" */ = {
			isa = XCConfigurationList;
			buildConfigurations = (
				E5E6E6ED227E53F0009FC184 /* Debug */,
				E5E6E6EE227E53F0009FC184 /* Release */,
			);
			defaultConfigurationIsVisible = 0;
			defaultConfigurationName = Release;
		};
		E5E6E6EF227E53F0009FC184 /* Build configuration list for PBXNativeTarget "Moody" */ = {
			isa = XCConfigurationList;
			buildConfigurations = (
				E5E6E6F0227E53F0009FC184 /* Debug */,
				E5E6E6F1227E53F0009FC184 /* Release */,
			);
			defaultConfigurationIsVisible = 0;
			defaultConfigurationName = Release;
		};
		E5E6E6F2227E53F0009FC184 /* Build configuration list for PBXNativeTarget "MoodyTests" */ = {
			isa = XCConfigurationList;
			buildConfigurations = (
				E5E6E6F3227E53F0009FC184 /* Debug */,
				E5E6E6F4227E53F0009FC184 /* Release */,
			);
			defaultConfigurationIsVisible = 0;
			defaultConfigurationName = Release;
		};
		E5E6E6F5227E53F0009FC184 /* Build configuration list for PBXNativeTarget "MoodyUITests" */ = {
			isa = XCConfigurationList;
			buildConfigurations = (
				E5E6E6F6227E53F0009FC184 /* Debug */,
				E5E6E6F7227E53F0009FC184 /* Release */,
			);
			defaultConfigurationIsVisible = 0;
			defaultConfigurationName = Release;
		};
/* End XCConfigurationList section */
	};
	rootObject = E5E6E6BF227E53EF009FC184 /* Project object */;
}
