PODS:
  - AWSAuthCore (2.6.35):
    - AWSCore (= 2.6.35)
  - AWSCore (2.6.35)
  - AWSMobileClient (2.6.35):
    - AWSAuthCore (= 2.6.35)

DEPENDENCIES:
  - AWSMobileClient (~> 2.6.13)

SPEC REPOS:
  https://github.com/cocoapods/specs.git:
    - AWSAuthCore
    - AWSCore
    - AWSMobileClient

SPEC CHECKSUMS:
  AWSAuthCore: 386e045a341acebf2409425467e907ae1a45ed63
  AWSCore: 2dab62ef2e5ca5d8c72c6cbdb3a6ea1532c27c2b
  AWSMobileClient: f89a36e0d95fc354a9d3b50d347371788c542449

PODFILE CHECKSUM: cbf18141ee9a358d26eddddc32f91ba911e01bd1

COCOAPODS: 1.7.5
